
Microsoft Visual Studio Solution File, Format Version 12.00
# Visual Studio Version 17
VisualStudioVersion = 17.5.002.0
MinimumVisualStudioVersion = 10.0.40219.1
Project("{9A19103F-16F7-4668-BE54-9A1E7A4F7556}") = "01-Tipi-di-Dati", "01-Tipi-di-Dati\01-Tipi-di-Dati.csproj", "{B296AD37-1872-45A8-9B36-7CAFAE52C3FE}"
EndProject
Project("{FAE04EC0-301F-11D3-BF4B-00C04F79EFBC}") = "22-Assignment-Struttura-Array-List", "22-Assignment-Struttura-Array-List\22-Assignment-Struttura-Array-List.csproj", "{D38BEBB6-1EE3-4F9A-947B-4EDB5B980D52}"
EndProject
Project("{FAE04EC0-301F-11D3-BF4B-00C04F79EFBC}") = "24-Lista-della-Spesa", "24-Lista-della-Spesa\24-Lista-della-Spesa.csproj", "{717E3D1C-24F7-4301-880C-4617775A489D}"
EndProject
Project("{FAE04EC0-301F-11D3-BF4B-00C04F79EFBC}") = "23-Dizionario-dei-Colori", "23-Dizionario-dei-Colori\23-Dizionario-dei-Colori.csproj", "{DE8147A6-E168-4C89-A417-CC1DCD137F58}"
EndProject
Project("{FAE04EC0-301F-11D3-BF4B-00C04F79EFBC}") = "25-Registro-Presenze", "25-Registro-Presenze\25-Registro-Presenze.csproj", "{E66787E8-D926-4C6D-8705-7E923DAAA55B}"
EndProject
Project("{FAE04EC0-301F-11D3-BF4B-00C04F79EFBC}") = "26-Registro-Voti", "26-Registro-Voti\26-Registro-Voti.csproj", "{64F85D5F-9970-4893-BECD-A939CB0C5F89}"
EndProject
Project("{FAE04EC0-301F-11D3-BF4B-00C04F79EFBC}") = "28-Gioco-di-Dadi", "28-Gioco-di-Dadi\28-Gioco-di-Dadi.csproj", "{14706322-FFF8-4AE3-950C-0307986D8657}"
EndProject
Project("{FAE04EC0-301F-11D3-BF4B-00C04F79EFBC}") = "29-Pc-Indovina-Numero", "29-Pc-Indovina-Numero\29-Pc-Indovina-Numero.csproj", "{DC398233-0EAC-4B61-8B46-A8C30458E1F5}"
EndProject
Global
	GlobalSection(SolutionConfigurationPlatforms) = preSolution
		Debug|Any CPU = Debug|Any CPU
		Release|Any CPU = Release|Any CPU
	EndGlobalSection
	GlobalSection(ProjectConfigurationPlatforms) = postSolution
		{B296AD37-1872-45A8-9B36-7CAFAE52C3FE}.Debug|Any CPU.ActiveCfg = Debug|Any CPU
		{B296AD37-1872-45A8-9B36-7CAFAE52C3FE}.Debug|Any CPU.Build.0 = Debug|Any CPU
		{B296AD37-1872-45A8-9B36-7CAFAE52C3FE}.Release|Any CPU.ActiveCfg = Release|Any CPU
		{B296AD37-1872-45A8-9B36-7CAFAE52C3FE}.Release|Any CPU.Build.0 = Release|Any CPU
		{D38BEBB6-1EE3-4F9A-947B-4EDB5B980D52}.Debug|Any CPU.ActiveCfg = Debug|Any CPU
		{D38BEBB6-1EE3-4F9A-947B-4EDB5B980D52}.Debug|Any CPU.Build.0 = Debug|Any CPU
		{D38BEBB6-1EE3-4F9A-947B-4EDB5B980D52}.Release|Any CPU.ActiveCfg = Release|Any CPU
		{D38BEBB6-1EE3-4F9A-947B-4EDB5B980D52}.Release|Any CPU.Build.0 = Release|Any CPU
		{717E3D1C-24F7-4301-880C-4617775A489D}.Debug|Any CPU.ActiveCfg = Debug|Any CPU
		{717E3D1C-24F7-4301-880C-4617775A489D}.Debug|Any CPU.Build.0 = Debug|Any CPU
		{717E3D1C-24F7-4301-880C-4617775A489D}.Release|Any CPU.ActiveCfg = Release|Any CPU
		{717E3D1C-24F7-4301-880C-4617775A489D}.Release|Any CPU.Build.0 = Release|Any CPU
		{DE8147A6-E168-4C89-A417-CC1DCD137F58}.Debug|Any CPU.ActiveCfg = Debug|Any CPU
		{DE8147A6-E168-4C89-A417-CC1DCD137F58}.Debug|Any CPU.Build.0 = Debug|Any CPU
		{DE8147A6-E168-4C89-A417-CC1DCD137F58}.Release|Any CPU.ActiveCfg = Release|Any CPU
		{DE8147A6-E168-4C89-A417-CC1DCD137F58}.Release|Any CPU.Build.0 = Release|Any CPU
		{E66787E8-D926-4C6D-8705-7E923DAAA55B}.Debug|Any CPU.ActiveCfg = Debug|Any CPU
		{E66787E8-D926-4C6D-8705-7E923DAAA55B}.Debug|Any CPU.Build.0 = Debug|Any CPU
		{E66787E8-D926-4C6D-8705-7E923DAAA55B}.Release|Any CPU.ActiveCfg = Release|Any CPU
		{E66787E8-D926-4C6D-8705-7E923DAAA55B}.Release|Any CPU.Build.0 = Release|Any CPU
		{64F85D5F-9970-4893-BECD-A939CB0C5F89}.Debug|Any CPU.ActiveCfg = Debug|Any CPU
		{64F85D5F-9970-4893-BECD-A939CB0C5F89}.Debug|Any CPU.Build.0 = Debug|Any CPU
		{64F85D5F-9970-4893-BECD-A939CB0C5F89}.Release|Any CPU.ActiveCfg = Release|Any CPU
		{64F85D5F-9970-4893-BECD-A939CB0C5F89}.Release|Any CPU.Build.0 = Release|Any CPU
		{14706322-FFF8-4AE3-950C-0307986D8657}.Debug|Any CPU.ActiveCfg = Debug|Any CPU
		{14706322-FFF8-4AE3-950C-0307986D8657}.Debug|Any CPU.Build.0 = Debug|Any CPU
		{14706322-FFF8-4AE3-950C-0307986D8657}.Release|Any CPU.ActiveCfg = Release|Any CPU
		{14706322-FFF8-4AE3-950C-0307986D8657}.Release|Any CPU.Build.0 = Release|Any CPU
		{DC398233-0EAC-4B61-8B46-A8C30458E1F5}.Debug|Any CPU.ActiveCfg = Debug|Any CPU
		{DC398233-0EAC-4B61-8B46-A8C30458E1F5}.Debug|Any CPU.Build.0 = Debug|Any CPU
		{DC398233-0EAC-4B61-8B46-A8C30458E1F5}.Release|Any CPU.ActiveCfg = Release|Any CPU
		{DC398233-0EAC-4B61-8B46-A8C30458E1F5}.Release|Any CPU.Build.0 = Release|Any CPU
	EndGlobalSection
	GlobalSection(SolutionProperties) = preSolution
		HideSolutionNode = FALSE
	EndGlobalSection
	GlobalSection(ExtensibilityGlobals) = postSolution
		SolutionGuid = {46666889-9D79-482E-A672-EA66319049F9}
	EndGlobalSection
EndGlobal
