
Microsoft Visual Studio Solution File, Format Version 12.00
# Visual Studio Version 17
VisualStudioVersion = 17.5.002.0
MinimumVisualStudioVersion = 10.0.40219.1
Project("{9A19103F-16F7-4668-BE54-9A1E7A4F7556}") = "01-Tipi-di-Dati", "01-Tipi-di-Dati\01-Tipi-di-Dati.csproj", "{B296AD37-1872-45A8-9B36-7CAFAE52C3FE}"
EndProject
Project("{FAE04EC0-301F-11D3-BF4B-00C04F79EFBC}") = "22-Assignment-Struttura-Array-List", "22-Assignment-Struttura-Array-List\22-Assignment-Struttura-Array-List.csproj", "{D38BEBB6-1EE3-4F9A-947B-4EDB5B980D52}"
EndProject
Project("{FAE04EC0-301F-11D3-BF4B-00C04F79EFBC}") = "24-Lista-della-Spesa", "24-Lista-della-Spesa\24-Lista-della-Spesa.csproj", "{717E3D1C-24F7-4301-880C-4617775A489D}"
EndProject
Project("{FAE04EC0-301F-11D3-BF4B-00C04F79EFBC}") = "23-Dizionario-dei-Colori", "23-Dizionario-dei-Colori\23-Dizionario-dei-Colori.csproj", "{DE8147A6-E168-4C89-A417-CC1DCD137F58}"
EndProject
Project("{FAE04EC0-301F-11D3-BF4B-00C04F79EFBC}") = "25-Registro-Presenze", "25-Registro-Presenze\25-Registro-Presenze.csproj", "{E66787E8-D926-4C6D-8705-7E923DAAA55B}"
EndProject
Project("{FAE04EC0-301F-11D3-BF4B-00C04F79EFBC}") = "26-Registro-Voti", "26-Registro-Voti\26-Registro-Voti.csproj", "{64F85D5F-9970-4893-BECD-A939CB0C5F89}"
EndProject
Project("{FAE04EC0-301F-11D3-BF4B-00C04F79EFBC}") = "28-Gioco-di-Dadi", "28-Gioco-di-Dadi\28-Gioco-di-Dadi.csproj", "{14706322-FFF8-4AE3-950C-0307986D8657}"
EndProject
Project("{FAE04EC0-301F-11D3-BF4B-00C04F79EFBC}") = "29-Pc-Indovina-Numero", "29-Pc-Indovina-Numero\29-Pc-Indovina-Numero.csproj", "{DC398233-0EAC-4B61-8B46-A8C30458E1F5}"
EndProject
Project("{FAE04EC0-301F-11D3-BF4B-00C04F79EFBC}") = "30-Yahtzee", "30-Yahtzee\30-Yahtzee.csproj", "{4B43F37D-A4C9-4189-A013-96F960CE8103}"
EndProject
Project("{FAE04EC0-301F-11D3-BF4B-00C04F79EFBC}") = "31-Pc-Indovina-Numero-Corretto", "31-Pc-Indovina-Numero-Corretto\31-Pc-Indovina-Numero-Corretto.csproj", "{D7F0836F-509D-45D6-B473-54BBAA936082}"
EndProject
Project("{FAE04EC0-301F-11D3-BF4B-00C04F79EFBC}") = "34-KeyInfo", "34-KeyInfo\34-KeyInfo.csproj", "{2E660E48-2638-4DCA-9C97-E86CBF94AFCC}"
EndProject
Project("{FAE04EC0-301F-11D3-BF4B-00C04F79EFBC}") = "35-SpectreConsole", "35-SpectreConsole\35-SpectreConsole.csproj", "{48ECCBFA-0248-4840-8E06-5C0A895F54F5}"
EndProject
Project("{FAE04EC0-301F-11D3-BF4B-00C04F79EFBC}") = "33-Pc-Indovina-Numero-Binario-Random", "33-Pc-Indovina-Numero-Binario-Random\33-Pc-Indovina-Numero-Binario-Random.csproj", "{62853F59-9B35-414A-AC29-1BC9DA97FFED}"
EndProject
Project("{FAE04EC0-301F-11D3-BF4B-00C04F79EFBC}") = "36-Sorteggio-Array", "36-Sorteggio-Array\36-Sorteggio-Array.csproj", "{8437E5C7-CF0D-42F8-AA6D-DFA234FC1369}"
EndProject
Project("{FAE04EC0-301F-11D3-BF4B-00C04F79EFBC}") = "37-Sorteggio-Lista", "37-Sorteggio-Lista\37-Sorteggio-Lista.csproj", "{261D615C-A9C8-4E48-8D84-2EC3585B8AD8}"
EndProject
Project("{FAE04EC0-301F-11D3-BF4B-00C04F79EFBC}") = "38-FizzBuzz-Lista", "38-FizzBuzz-Lista\38-FizzBuzz-Lista.csproj", "{2AE72163-954A-4E80-A756-DEB233C5A43C}"
EndProject
Project("{FAE04EC0-301F-11D3-BF4B-00C04F79EFBC}") = "39-Sorteggio-Dadi", "39-Sorteggio-Dadi\39-Sorteggio-Dadi.csproj", "{F54BAC92-36FB-4962-9AEB-5DD9920CC655}"
EndProject
Project("{FAE04EC0-301F-11D3-BF4B-00C04F79EFBC}") = "40-Utilizzo-Spectre-App", "40-Utilizzo-Spectre-App\40-Utilizzo-Spectre-App.csproj", "{0641506F-EEF2-437C-991B-E85AD011EDC0}"
EndProject
Project("{FAE04EC0-301F-11D3-BF4B-00C04F79EFBC}") = "41-Dice-Game-Spectre", "41-Dice-Game-Spectre\41-Dice-Game-Spectre.csproj", "{DA998B18-C85E-40E8-844C-641B0F3A58EF}"
EndProject
Global
	GlobalSection(SolutionConfigurationPlatforms) = preSolution
		Debug|Any CPU = Debug|Any CPU
		Release|Any CPU = Release|Any CPU
	EndGlobalSection
	GlobalSection(ProjectConfigurationPlatforms) = postSolution
		{B296AD37-1872-45A8-9B36-7CAFAE52C3FE}.Debug|Any CPU.ActiveCfg = Debug|Any CPU
		{B296AD37-1872-45A8-9B36-7CAFAE52C3FE}.Debug|Any CPU.Build.0 = Debug|Any CPU
		{B296AD37-1872-45A8-9B36-7CAFAE52C3FE}.Release|Any CPU.ActiveCfg = Release|Any CPU
		{B296AD37-1872-45A8-9B36-7CAFAE52C3FE}.Release|Any CPU.Build.0 = Release|Any CPU
		{D38BEBB6-1EE3-4F9A-947B-4EDB5B980D52}.Debug|Any CPU.ActiveCfg = Debug|Any CPU
		{D38BEBB6-1EE3-4F9A-947B-4EDB5B980D52}.Debug|Any CPU.Build.0 = Debug|Any CPU
		{D38BEBB6-1EE3-4F9A-947B-4EDB5B980D52}.Release|Any CPU.ActiveCfg = Release|Any CPU
		{D38BEBB6-1EE3-4F9A-947B-4EDB5B980D52}.Release|Any CPU.Build.0 = Release|Any CPU
		{717E3D1C-24F7-4301-880C-4617775A489D}.Debug|Any CPU.ActiveCfg = Debug|Any CPU
		{717E3D1C-24F7-4301-880C-4617775A489D}.Debug|Any CPU.Build.0 = Debug|Any CPU
		{717E3D1C-24F7-4301-880C-4617775A489D}.Release|Any CPU.ActiveCfg = Release|Any CPU
		{717E3D1C-24F7-4301-880C-4617775A489D}.Release|Any CPU.Build.0 = Release|Any CPU
		{DE8147A6-E168-4C89-A417-CC1DCD137F58}.Debug|Any CPU.ActiveCfg = Debug|Any CPU
		{DE8147A6-E168-4C89-A417-CC1DCD137F58}.Debug|Any CPU.Build.0 = Debug|Any CPU
		{DE8147A6-E168-4C89-A417-CC1DCD137F58}.Release|Any CPU.ActiveCfg = Release|Any CPU
		{DE8147A6-E168-4C89-A417-CC1DCD137F58}.Release|Any CPU.Build.0 = Release|Any CPU
		{E66787E8-D926-4C6D-8705-7E923DAAA55B}.Debug|Any CPU.ActiveCfg = Debug|Any CPU
		{E66787E8-D926-4C6D-8705-7E923DAAA55B}.Debug|Any CPU.Build.0 = Debug|Any CPU
		{E66787E8-D926-4C6D-8705-7E923DAAA55B}.Release|Any CPU.ActiveCfg = Release|Any CPU
		{E66787E8-D926-4C6D-8705-7E923DAAA55B}.Release|Any CPU.Build.0 = Release|Any CPU
		{64F85D5F-9970-4893-BECD-A939CB0C5F89}.Debug|Any CPU.ActiveCfg = Debug|Any CPU
		{64F85D5F-9970-4893-BECD-A939CB0C5F89}.Debug|Any CPU.Build.0 = Debug|Any CPU
		{64F85D5F-9970-4893-BECD-A939CB0C5F89}.Release|Any CPU.ActiveCfg = Release|Any CPU
		{64F85D5F-9970-4893-BECD-A939CB0C5F89}.Release|Any CPU.Build.0 = Release|Any CPU
		{14706322-FFF8-4AE3-950C-0307986D8657}.Debug|Any CPU.ActiveCfg = Debug|Any CPU
		{14706322-FFF8-4AE3-950C-0307986D8657}.Debug|Any CPU.Build.0 = Debug|Any CPU
		{14706322-FFF8-4AE3-950C-0307986D8657}.Release|Any CPU.ActiveCfg = Release|Any CPU
		{14706322-FFF8-4AE3-950C-0307986D8657}.Release|Any CPU.Build.0 = Release|Any CPU
		{DC398233-0EAC-4B61-8B46-A8C30458E1F5}.Debug|Any CPU.ActiveCfg = Debug|Any CPU
		{DC398233-0EAC-4B61-8B46-A8C30458E1F5}.Debug|Any CPU.Build.0 = Debug|Any CPU
		{DC398233-0EAC-4B61-8B46-A8C30458E1F5}.Release|Any CPU.ActiveCfg = Release|Any CPU
		{DC398233-0EAC-4B61-8B46-A8C30458E1F5}.Release|Any CPU.Build.0 = Release|Any CPU
		{4B43F37D-A4C9-4189-A013-96F960CE8103}.Debug|Any CPU.ActiveCfg = Debug|Any CPU
		{4B43F37D-A4C9-4189-A013-96F960CE8103}.Debug|Any CPU.Build.0 = Debug|Any CPU
		{4B43F37D-A4C9-4189-A013-96F960CE8103}.Release|Any CPU.ActiveCfg = Release|Any CPU
		{4B43F37D-A4C9-4189-A013-96F960CE8103}.Release|Any CPU.Build.0 = Release|Any CPU
		{D7F0836F-509D-45D6-B473-54BBAA936082}.Debug|Any CPU.ActiveCfg = Debug|Any CPU
		{D7F0836F-509D-45D6-B473-54BBAA936082}.Debug|Any CPU.Build.0 = Debug|Any CPU
		{D7F0836F-509D-45D6-B473-54BBAA936082}.Release|Any CPU.ActiveCfg = Release|Any CPU
		{D7F0836F-509D-45D6-B473-54BBAA936082}.Release|Any CPU.Build.0 = Release|Any CPU
		{2E660E48-2638-4DCA-9C97-E86CBF94AFCC}.Debug|Any CPU.ActiveCfg = Debug|Any CPU
		{2E660E48-2638-4DCA-9C97-E86CBF94AFCC}.Debug|Any CPU.Build.0 = Debug|Any CPU
		{2E660E48-2638-4DCA-9C97-E86CBF94AFCC}.Release|Any CPU.ActiveCfg = Release|Any CPU
		{2E660E48-2638-4DCA-9C97-E86CBF94AFCC}.Release|Any CPU.Build.0 = Release|Any CPU
		{48ECCBFA-0248-4840-8E06-5C0A895F54F5}.Debug|Any CPU.ActiveCfg = Debug|Any CPU
		{48ECCBFA-0248-4840-8E06-5C0A895F54F5}.Debug|Any CPU.Build.0 = Debug|Any CPU
		{48ECCBFA-0248-4840-8E06-5C0A895F54F5}.Release|Any CPU.ActiveCfg = Release|Any CPU
		{48ECCBFA-0248-4840-8E06-5C0A895F54F5}.Release|Any CPU.Build.0 = Release|Any CPU
		{62853F59-9B35-414A-AC29-1BC9DA97FFED}.Debug|Any CPU.ActiveCfg = Debug|Any CPU
		{62853F59-9B35-414A-AC29-1BC9DA97FFED}.Debug|Any CPU.Build.0 = Debug|Any CPU
		{62853F59-9B35-414A-AC29-1BC9DA97FFED}.Release|Any CPU.ActiveCfg = Release|Any CPU
		{62853F59-9B35-414A-AC29-1BC9DA97FFED}.Release|Any CPU.Build.0 = Release|Any CPU
		{8437E5C7-CF0D-42F8-AA6D-DFA234FC1369}.Debug|Any CPU.ActiveCfg = Debug|Any CPU
		{8437E5C7-CF0D-42F8-AA6D-DFA234FC1369}.Debug|Any CPU.Build.0 = Debug|Any CPU
		{8437E5C7-CF0D-42F8-AA6D-DFA234FC1369}.Release|Any CPU.ActiveCfg = Release|Any CPU
		{8437E5C7-CF0D-42F8-AA6D-DFA234FC1369}.Release|Any CPU.Build.0 = Release|Any CPU
		{261D615C-A9C8-4E48-8D84-2EC3585B8AD8}.Debug|Any CPU.ActiveCfg = Debug|Any CPU
		{261D615C-A9C8-4E48-8D84-2EC3585B8AD8}.Debug|Any CPU.Build.0 = Debug|Any CPU
		{261D615C-A9C8-4E48-8D84-2EC3585B8AD8}.Release|Any CPU.ActiveCfg = Release|Any CPU
		{261D615C-A9C8-4E48-8D84-2EC3585B8AD8}.Release|Any CPU.Build.0 = Release|Any CPU
		{2AE72163-954A-4E80-A756-DEB233C5A43C}.Debug|Any CPU.ActiveCfg = Debug|Any CPU
		{2AE72163-954A-4E80-A756-DEB233C5A43C}.Debug|Any CPU.Build.0 = Debug|Any CPU
		{2AE72163-954A-4E80-A756-DEB233C5A43C}.Release|Any CPU.ActiveCfg = Release|Any CPU
		{2AE72163-954A-4E80-A756-DEB233C5A43C}.Release|Any CPU.Build.0 = Release|Any CPU
		{F54BAC92-36FB-4962-9AEB-5DD9920CC655}.Debug|Any CPU.ActiveCfg = Debug|Any CPU
		{F54BAC92-36FB-4962-9AEB-5DD9920CC655}.Debug|Any CPU.Build.0 = Debug|Any CPU
		{F54BAC92-36FB-4962-9AEB-5DD9920CC655}.Release|Any CPU.ActiveCfg = Release|Any CPU
		{F54BAC92-36FB-4962-9AEB-5DD9920CC655}.Release|Any CPU.Build.0 = Release|Any CPU
		{0641506F-EEF2-437C-991B-E85AD011EDC0}.Debug|Any CPU.ActiveCfg = Debug|Any CPU
		{0641506F-EEF2-437C-991B-E85AD011EDC0}.Debug|Any CPU.Build.0 = Debug|Any CPU
		{0641506F-EEF2-437C-991B-E85AD011EDC0}.Release|Any CPU.ActiveCfg = Release|Any CPU
		{0641506F-EEF2-437C-991B-E85AD011EDC0}.Release|Any CPU.Build.0 = Release|Any CPU
		{DA998B18-C85E-40E8-844C-641B0F3A58EF}.Debug|Any CPU.ActiveCfg = Debug|Any CPU
		{DA998B18-C85E-40E8-844C-641B0F3A58EF}.Debug|Any CPU.Build.0 = Debug|Any CPU
		{DA998B18-C85E-40E8-844C-641B0F3A58EF}.Release|Any CPU.ActiveCfg = Release|Any CPU
		{DA998B18-C85E-40E8-844C-641B0F3A58EF}.Release|Any CPU.Build.0 = Release|Any CPU
	EndGlobalSection
	GlobalSection(SolutionProperties) = preSolution
		HideSolutionNode = FALSE
	EndGlobalSection
	GlobalSection(ExtensibilityGlobals) = postSolution
		SolutionGuid = {46666889-9D79-482E-A672-EA66319049F9}
	EndGlobalSection
EndGlobal
