
Microsoft Visual Studio Solution File, Format Version 12.00
# Visual Studio Version 17
VisualStudioVersion = 17.5.002.0
MinimumVisualStudioVersion = 10.0.40219.1
Project("{9A19103F-16F7-4668-BE54-9A1E7A4F7556}") = "01-Tipi-di-Dati", "01-Tipi-di-Dati\01-Tipi-di-Dati.csproj", "{DDB24913-A8C6-4E59-9EF0-34EB003DA04E}"
EndProject
Project("{9A19103F-16F7-4668-BE54-9A1E7A4F7556}") = "02-Operatori", "02-Operatori\02-Operatori.csproj", "{A0663C11-4168-4557-8761-80C092E855D5}"
EndProject
Project("{9A19103F-16F7-4668-BE54-9A1E7A4F7556}") = "03-Esercitazioni-tipi-Dati-ed-Operatori", "03-Esercitazioni-tipi-Dati-ed-Operatori\03-Esercitazioni-tipi-Dati-ed-Operatori.csproj", "{6F71BD0C-E6A4-4144-A354-A4BFDB9E5FED}"
EndProject
Project("{9A19103F-16F7-4668-BE54-9A1E7A4F7556}") = "04-Assignment", "04-Assignment\04-Assignment.csproj", "{859941BD-F09E-44E3-9EB9-425253EC2B76}"
EndProject
Project("{9A19103F-16F7-4668-BE54-9A1E7A4F7556}") = "05-le-Condizioni", "05-le-Condizioni\05-le-Condizioni.csproj", "{E73AA257-D799-4318-A8AA-216A1635D181}"
EndProject
Project("{9A19103F-16F7-4668-BE54-9A1E7A4F7556}") = "06-Assignment", "06-Assignment\06-Assignment.csproj", "{8E559EA8-7BFA-4E90-8E5F-CDEA998A4892}"
EndProject
Project("{9A19103F-16F7-4668-BE54-9A1E7A4F7556}") = "07-Calcolatrice", "07-Calcolatrice\07-Calcolatrice.csproj", "{67696550-1491-4117-B741-DB1CCD736267}"
EndProject
Project("{9A19103F-16F7-4668-BE54-9A1E7A4F7556}") = "08-While", "08-While\08-While.csproj", "{3F39C927-1062-4B43-987E-2B4BF3C8E6E7}"
EndProject
Project("{9A19103F-16F7-4668-BE54-9A1E7A4F7556}") = "09-Do-While", "09-Do-While\09-Do-While.csproj", "{B190B0BC-5A36-42E3-970C-4823AF18A06F}"
EndProject
Project("{9A19103F-16F7-4668-BE54-9A1E7A4F7556}") = "10-For", "10-For\10-For.csproj", "{55BF8EBE-BF98-467A-AB60-53EA18D530B4}"
EndProject
Project("{9A19103F-16F7-4668-BE54-9A1E7A4F7556}") = "11-For-Each", "11-For-Each\11-For-Each.csproj", "{B7B2023F-D82A-4A0A-A126-6A4509544338}"
EndProject
Project("{9A19103F-16F7-4668-BE54-9A1E7A4F7556}") = "12-Metodo-Random", "12-Metodo-Random\12-Metodo-Random.csproj", "{366363BA-4591-45AB-B1BA-94946F0E3CEE}"
EndProject
Project("{9A19103F-16F7-4668-BE54-9A1E7A4F7556}") = "13-Assignment-indovina-numero", "13-Assignment-indovina-numero\13-Assignment-indovina-numero.csproj", "{4EDCBCBD-1672-48CF-8317-2DB8FBA8772C}"
EndProject
Project("{9A19103F-16F7-4668-BE54-9A1E7A4F7556}") = "14-Assignment-indovina-pari-dispari", "14-Assignment-indovina-pari-dispari\14-Assignment-indovina-pari-dispari.csproj", "{15C2F10B-F831-4166-9C2A-E75DC499C616}"
EndProject
Project("{9A19103F-16F7-4668-BE54-9A1E7A4F7556}") = "15-Fizz-Buzz", "15-Fizz-Buzz\15-Fizz-Buzz.csproj", "{394EC5CE-4CD7-4E0E-B488-4E9CB654560D}"
EndProject
Project("{9A19103F-16F7-4668-BE54-9A1E7A4F7556}") = "16-String-Array", "16-String-Array\16-String-Array.csproj", "{C8ADFD82-C4F4-4B59-8EAE-00FDB63ADCC7}"
EndProject
Project("{9A19103F-16F7-4668-BE54-9A1E7A4F7556}") = "17-Int-Array", "17-Int-Array\17-Int-Array.csproj", "{CC70E279-85C9-44F8-87BC-D01C7EDBB723}"
EndProject
Project("{9A19103F-16F7-4668-BE54-9A1E7A4F7556}") = "18-Array-Length", "18-Array-Length\18-Array-Length.csproj", "{A7D3C623-8785-4531-A9DF-F494D61898BF}"
EndProject
Project("{9A19103F-16F7-4668-BE54-9A1E7A4F7556}") = "19-String-List", "19-String-List\19-String-List.csproj", "{B50964D3-1E43-4ACD-9003-700C276C4235}"
EndProject
Project("{9A19103F-16F7-4668-BE54-9A1E7A4F7556}") = "20-Int-List", "20-Int-List\20-Int-List.csproj", "{510B6BD3-AB97-4224-A290-CEEDC1BB5AF2}"
EndProject
Project("{9A19103F-16F7-4668-BE54-9A1E7A4F7556}") = "21-List-Count", "21-List-Count\21-List-Count.csproj", "{6AEB9981-0141-4830-BDCD-2A0A50CD99C7}"
EndProject
Project("{9A19103F-16F7-4668-BE54-9A1E7A4F7556}") = "22-Assignment-Struttura-Array-List", "22-Assignment-Struttura-Array-List\22-Assignment-Struttura-Array-List.csproj", "{7F9187F4-8400-4DB5-A659-440EF29C197D}"
EndProject
Project("{9A19103F-16F7-4668-BE54-9A1E7A4F7556}") = "23-Dizionario-dei-Colori", "23-Dizionario-dei-Colori\23-Dizionario-dei-Colori.csproj", "{3EA6A13F-B24B-4CCB-A96C-52090708F39F}"
EndProject
Project("{9A19103F-16F7-4668-BE54-9A1E7A4F7556}") = "24-Lista-della-Spesa", "24-Lista-della-Spesa\24-Lista-della-Spesa.csproj", "{F22A9896-BAE0-4778-BC48-3622752DF403}"
EndProject
Project("{9A19103F-16F7-4668-BE54-9A1E7A4F7556}") = "25-Registro-Presenze", "25-Registro-Presenze\25-Registro-Presenze.csproj", "{8562C206-3C61-4F9D-9348-2CE37E31E10A}"
EndProject
Project("{9A19103F-16F7-4668-BE54-9A1E7A4F7556}") = "26-Registro-Voti", "26-Registro-Voti\26-Registro-Voti.csproj", "{829AC8B7-B503-4A4B-A895-BD4E7E4C1094}"
EndProject
Project("{9A19103F-16F7-4668-BE54-9A1E7A4F7556}") = "27-Var", "27-Var\27-Var.csproj", "{C8A720BF-7F99-4250-89F0-0BAECEFCF9D2}"
EndProject
Project("{9A19103F-16F7-4668-BE54-9A1E7A4F7556}") = "28-Gioco-di-Dadi", "28-Gioco-di-Dadi\28-Gioco-di-Dadi.csproj", "{0BBE670F-6C66-4B92-B87A-A9DD78456E75}"
EndProject
Project("{9A19103F-16F7-4668-BE54-9A1E7A4F7556}") = "29-Pc-Indovina-Numero", "29-Pc-Indovina-Numero\29-Pc-Indovina-Numero.csproj", "{2A9CE4E6-7CDD-4039-BEA0-2E4A7B4BA624}"
EndProject
Project("{9A19103F-16F7-4668-BE54-9A1E7A4F7556}") = "30-Yahtzee", "30-Yahtzee\30-Yahtzee.csproj", "{D2A5AF7E-6ACF-4FB6-A5D0-C72EBD657F32}"
EndProject
Project("{9A19103F-16F7-4668-BE54-9A1E7A4F7556}") = "31-Pc-Indovina-Numero-Corretto", "31-Pc-Indovina-Numero-Corretto\31-Pc-Indovina-Numero-Corretto.csproj", "{6AD65956-5D86-440C-B6B6-243A6649BC7E}"
EndProject
Project("{9A19103F-16F7-4668-BE54-9A1E7A4F7556}") = "32-Pc-Indovina-Numero-Binario", "32-Pc-Indovina-Numero-Binario\32-Pc-Indovina-Numero-Binario.csproj", "{396700DF-01D0-446C-93D2-1B1876AE8D70}"
EndProject
Project("{9A19103F-16F7-4668-BE54-9A1E7A4F7556}") = "33-Pc-Indovina-Numero-Binario-Random", "33-Pc-Indovina-Numero-Binario-Random\33-Pc-Indovina-Numero-Binario-Random.csproj", "{5F68BAA7-9BE8-4EF0-852F-A2B4DBF22A8D}"
EndProject
Project("{9A19103F-16F7-4668-BE54-9A1E7A4F7556}") = "34-KeyInfo", "34-KeyInfo\34-KeyInfo.csproj", "{B6A73CF1-DAFC-4731-A731-1743EEABEE7C}"
EndProject
Project("{9A19103F-16F7-4668-BE54-9A1E7A4F7556}") = "35-SpectreConsole", "35-SpectreConsole\35-SpectreConsole.csproj", "{E4CA2489-2211-48AC-A0E5-637AA249199B}"
EndProject
Project("{9A19103F-16F7-4668-BE54-9A1E7A4F7556}") = "36-Sorteggio-Array", "36-Sorteggio-Array\36-Sorteggio-Array.csproj", "{B0C78548-2CD5-4A10-B64E-1BCA6602B709}"
EndProject
Project("{9A19103F-16F7-4668-BE54-9A1E7A4F7556}") = "37-Sorteggio-Lista", "37-Sorteggio-Lista\37-Sorteggio-Lista.csproj", "{4C7A8B6A-7143-47C5-919F-5B60D0ABAD4F}"
EndProject
Project("{9A19103F-16F7-4668-BE54-9A1E7A4F7556}") = "38-FizzBuzz-Lista", "38-FizzBuzz-Lista\38-FizzBuzz-Lista.csproj", "{50459437-EF47-49C7-9AE1-9950B652FD4C}"
EndProject
Project("{9A19103F-16F7-4668-BE54-9A1E7A4F7556}") = "39-Sorteggio-Dadi", "39-Sorteggio-Dadi\39-Sorteggio-Dadi.csproj", "{29C1120B-ED2A-4080-B41B-B1C45B98D48B}"
EndProject
Project("{9A19103F-16F7-4668-BE54-9A1E7A4F7556}") = "40-Utilizzo-Spectre-App", "40-Utilizzo-Spectre-App\40-Utilizzo-Spectre-App.csproj", "{E20CDC4B-AEA2-4C2A-AE68-E008B05B483C}"
EndProject
Project("{9A19103F-16F7-4668-BE54-9A1E7A4F7556}") = "41-Dice-Game-Spectre", "41-Dice-Game-Spectre\41-Dice-Game-Spectre.csproj", "{43FD2E91-5F0E-443C-A1A6-BA8F2567E02E}"
EndProject
Project("{9A19103F-16F7-4668-BE54-9A1E7A4F7556}") = "42-Partecipanti-Lista", "42-Partecipanti-Lista\42-Partecipanti-Lista.csproj", "{C3AC4BC4-8FFA-4287-B970-5FD900097317}"
EndProject
Project("{9A19103F-16F7-4668-BE54-9A1E7A4F7556}") = "43-Lettura-txt", "43-Lettura-txt\43-Lettura-txt.csproj", "{BC068713-11CA-45A7-9C33-7150723B8878}"
EndProject
Project("{9A19103F-16F7-4668-BE54-9A1E7A4F7556}") = "44-Array-Dati-txt", "44-Array-Dati-txt\44-Array-Dati-txt.csproj", "{95E8F3C4-044E-40A6-9F83-67B25F312D6F}"
EndProject
Project("{9A19103F-16F7-4668-BE54-9A1E7A4F7556}") = "45-Array-Selezione-txt", "45-Array-Selezione-txt\45-Array-Selezione-txt.csproj", "{88FE579A-30EC-4B10-846C-890AE62B33B6}"
EndProject
Project("{9A19103F-16F7-4668-BE54-9A1E7A4F7556}") = "46-Scrittura-txt", "46-Scrittura-txt\46-Scrittura-txt.csproj", "{0FCAD592-62E8-4A05-A390-38BE80044CAB}"
EndProject
Project("{9A19103F-16F7-4668-BE54-9A1E7A4F7556}") = "47-Modifica-txt", "47-Modifica-txt\47-Modifica-txt.csproj", "{0C4CE1D8-8371-4692-8258-C2B66825D712}"
EndProject
Project("{9A19103F-16F7-4668-BE54-9A1E7A4F7556}") = "48-Sostituisci-Riga-txt", "48-Sostituisci-Riga-txt\48-Sostituisci-Riga-txt.csproj", "{BC2C8D0D-E523-428D-9E75-08360CDF31CC}"
EndProject
Project("{9A19103F-16F7-4668-BE54-9A1E7A4F7556}") = "49-Sorteggio-txt", "49-Sorteggio-txt\49-Sorteggio-txt.csproj", "{0B79751C-4FBB-4CEA-8125-298C028974EA}"
EndProject
Project("{9A19103F-16F7-4668-BE54-9A1E7A4F7556}") = "50-Sorteggio-Lettura-Scrittura-txt", "50-Sorteggio-Lettura-Scrittura-txt\50-Sorteggio-Lettura-Scrittura-txt.csproj", "{D5D850A3-F502-400B-A44A-39752408A080}"
EndProject
Project("{9A19103F-16F7-4668-BE54-9A1E7A4F7556}") = "51-Scrivi-txt-Condizionale", "51-Scrivi-txt-Condizionale\51-Scrivi-txt-Condizionale.csproj", "{3DE80B01-0782-4E8E-A485-BD889F375606}"
EndProject
Project("{9A19103F-16F7-4668-BE54-9A1E7A4F7556}") = "52-Assignment", "52-Assignment\52-Assignment.csproj", "{4356CD65-201E-46E3-8602-A02D63E094A2}"
EndProject
Project("{9A19103F-16F7-4668-BE54-9A1E7A4F7556}") = "53-Spectre-Persistenza", "53-Spectre-Persistenza\53-Spectre-Persistenza.csproj", "{8AB0A3E1-443C-47AD-824F-7F39F4C35565}"
EndProject
Project("{9A19103F-16F7-4668-BE54-9A1E7A4F7556}") = "54-Sorteggio-Partecipanti-Persistenza", "54-Sorteggio-Partecipanti-Persistenza\54-Sorteggio-Partecipanti-Persistenza.csproj", "{CE403420-B497-4F9D-9EC1-9E057E401077}"
EndProject
Project("{9A19103F-16F7-4668-BE54-9A1E7A4F7556}") = "55-Menu-Sottomenu", "55-Menu-Sottomenu\55-Menu-Sottomenu.csproj", "{EF625EE0-0B81-4C02-BC99-80D830E7C70D}"
EndProject
Project("{9A19103F-16F7-4668-BE54-9A1E7A4F7556}") = "56-Funzioni", "56-Funzioni\56-Funzioni.csproj", "{1AF792AE-73D0-4EB6-89BA-520ECB54C2F7}"
EndProject
Project("{9A19103F-16F7-4668-BE54-9A1E7A4F7556}") = "57-Lista-Partecipanti-con-Funzioni", "57-Lista-Partecipanti-con-Funzioni\57-Lista-Partecipanti-con-Funzioni.csproj", "{733BDEE9-C144-44F7-84B7-09DB8768F6F7}"
EndProject
Project("{9A19103F-16F7-4668-BE54-9A1E7A4F7556}") = "58-Lista-Partecipanti-con-Funzioni-e-SpectreConsole", "58-Lista-Partecipanti-con-Funzioni-e-SpectreConsole\58-Lista-Partecipanti-con-Funzioni-e-SpectreConsole.csproj", "{8C3810C5-5161-4EE0-92B5-1C1BBB22EC73}"
EndProject
Project("{9A19103F-16F7-4668-BE54-9A1E7A4F7556}") = "59-Lista-Nomi-csv", "59-Lista-Nomi-csv\59-Lista-Nomi-csv.csproj", "{D55710FF-FD38-418F-90C3-A50F991A1613}"
EndProject
Project("{9A19103F-16F7-4668-BE54-9A1E7A4F7556}") = "60-Lista-Nomi-Inserimento-csv", "60-Lista-Nomi-Inserimento-csv\60-Lista-Nomi-Inserimento-csv.csproj", "{45483DBB-983A-4A7B-955F-4014C4D05594}"
EndProject
Project("{9A19103F-16F7-4668-BE54-9A1E7A4F7556}") = "61-Lettura-json", "61-Lettura-json\61-Lettura-json.csproj", "{5DECC17C-7038-4516-B6D2-97FCF23345E1}"
EndProject
Project("{9A19103F-16F7-4668-BE54-9A1E7A4F7556}") = "62-Lettura-json-Deserializzazione", "62-Lettura-json-Deserializzazione\62-Lettura-json-Deserializzazione.csproj", "{564DA214-1918-409D-8F35-597C39D8BAC4}"
EndProject
Project("{9A19103F-16F7-4668-BE54-9A1E7A4F7556}") = "63-Deserializzazione-json-Multilivello", "63-Deserializzazione-json-Multilivello\63-Deserializzazione-json-Multilivello.csproj", "{4575B8BE-F21C-4996-A141-7501351725D3}"
EndProject
Project("{9A19103F-16F7-4668-BE54-9A1E7A4F7556}") = "64-Deserializzazione-json-Scrittura-csv", "64-Deserializzazione-json-Scrittura-csv\64-Deserializzazione-json-Scrittura-csv.csproj", "{99303960-7288-4616-9B47-95B7EEEF2905}"
EndProject
Project("{9A19103F-16F7-4668-BE54-9A1E7A4F7556}") = "65-Lettura-csv-Scrittura-json", "65-Lettura-csv-Scrittura-json\65-Lettura-csv-Scrittura-json.csproj", "{FA1481E7-AA5C-4D72-9D03-ED17F5D772A1}"
EndProject
Project("{9A19103F-16F7-4668-BE54-9A1E7A4F7556}") = "66-Creazione-json-con-Interfaccia", "66-Creazione-json-con-Interfaccia\66-Creazione-json-con-Interfaccia.csproj", "{A8D536F4-DFC9-452B-8F77-32D93ED7FB6D}"
EndProject
Project("{9A19103F-16F7-4668-BE54-9A1E7A4F7556}") = "67-Gestionale-json", "67-Gestionale-json\67-Gestionale-json.csproj", "{0C0A6DC3-0520-4E35-9849-C6376EF581C1}"
EndProject
Project("{9A19103F-16F7-4668-BE54-9A1E7A4F7556}") = "68-Gestione-Eccezioni", "68-Gestione-Eccezioni\68-Gestione-Eccezioni.csproj", "{8F3E4AC0-34C5-4174-9C95-9C1E58A11C16}"
EndProject
Project("{9A19103F-16F7-4668-BE54-9A1E7A4F7556}") = "69-Data-e-Ora", "69-Data-e-Ora\69-Data-e-Ora.csproj", "{5111DBEA-10F3-49DC-A449-7EA63A05979C}"
EndProject
Project("{9A19103F-16F7-4668-BE54-9A1E7A4F7556}") = "70-Math", "70-Math\70-Math.csproj", "{17CEC060-6AD9-43D8-B88D-89618E4B543D}"
EndProject
Project("{9A19103F-16F7-4668-BE54-9A1E7A4F7556}") = "Esecitazioni", "Esecitazioni\Esecitazioni.csproj", "{55E9A950-0708-4A78-A1E9-C4EDC85053C8}"
EndProject
Project("{9A19103F-16F7-4668-BE54-9A1E7A4F7556}") = "Markdown", "Markdown\Markdown.csproj", "{EAEC2EFB-1BD3-4667-BF9F-DE4D3B6E9C7C}"
EndProject
Project("{9A19103F-16F7-4668-BE54-9A1E7A4F7556}") = "Primo_Progetto_Personale", "Primo_Progetto_Personale\Primo_Progetto_Personale.csproj", "{CF8751F4-06FF-4BF1-9501-D6446E506A9F}"
EndProject
Project("{9A19103F-16F7-4668-BE54-9A1E7A4F7556}") = "Progetto-Idee-per-Disegnare", "Progetto-Idee-per-Disegnare\Progetto-Idee-per-Disegnare.csproj", "{D2D4C783-998F-4BDF-9876-4FD94EE84DBA}"
EndProject
Project("{9A19103F-16F7-4668-BE54-9A1E7A4F7556}") = "TESTS", "TESTS\TESTS.csproj", "{D4CB7626-8763-4A33-821A-CEE0EA2BBC58}"
EndProject
Project("{9A19103F-16F7-4668-BE54-9A1E7A4F7556}") = "Verifica", "Verifica\Verifica.csproj", "{3B17BEF3-643A-4B1A-B0E6-BE0D3E67A1FE}"
EndProject
Project("{2150E333-8FDC-42A3-9474-1A3956D46DE8}") = "Esercitazioni_clonate", "Esercitazioni_clonate", "{79251B2C-0B74-4D64-9530-378E520C420E}"
EndProject
Project("{9A19103F-16F7-4668-BE54-9A1E7A4F7556}") = "Borders", "Esercitazioni_clonate\Borders\Borders.csproj", "{CE2A2062-09AF-4458-B15D-718941F72D32}"
EndProject
Global
	GlobalSection(SolutionConfigurationPlatforms) = preSolution
		Debug|Any CPU = Debug|Any CPU
		Release|Any CPU = Release|Any CPU
	EndGlobalSection
	GlobalSection(ProjectConfigurationPlatforms) = postSolution
		{DDB24913-A8C6-4E59-9EF0-34EB003DA04E}.Debug|Any CPU.ActiveCfg = Debug|Any CPU
		{DDB24913-A8C6-4E59-9EF0-34EB003DA04E}.Debug|Any CPU.Build.0 = Debug|Any CPU
		{DDB24913-A8C6-4E59-9EF0-34EB003DA04E}.Release|Any CPU.ActiveCfg = Release|Any CPU
		{DDB24913-A8C6-4E59-9EF0-34EB003DA04E}.Release|Any CPU.Build.0 = Release|Any CPU
		{A0663C11-4168-4557-8761-80C092E855D5}.Debug|Any CPU.ActiveCfg = Debug|Any CPU
		{A0663C11-4168-4557-8761-80C092E855D5}.Debug|Any CPU.Build.0 = Debug|Any CPU
		{A0663C11-4168-4557-8761-80C092E855D5}.Release|Any CPU.ActiveCfg = Release|Any CPU
		{A0663C11-4168-4557-8761-80C092E855D5}.Release|Any CPU.Build.0 = Release|Any CPU
		{6F71BD0C-E6A4-4144-A354-A4BFDB9E5FED}.Debug|Any CPU.ActiveCfg = Debug|Any CPU
		{6F71BD0C-E6A4-4144-A354-A4BFDB9E5FED}.Debug|Any CPU.Build.0 = Debug|Any CPU
		{6F71BD0C-E6A4-4144-A354-A4BFDB9E5FED}.Release|Any CPU.ActiveCfg = Release|Any CPU
		{6F71BD0C-E6A4-4144-A354-A4BFDB9E5FED}.Release|Any CPU.Build.0 = Release|Any CPU
		{859941BD-F09E-44E3-9EB9-425253EC2B76}.Debug|Any CPU.ActiveCfg = Debug|Any CPU
		{859941BD-F09E-44E3-9EB9-425253EC2B76}.Debug|Any CPU.Build.0 = Debug|Any CPU
		{859941BD-F09E-44E3-9EB9-425253EC2B76}.Release|Any CPU.ActiveCfg = Release|Any CPU
		{859941BD-F09E-44E3-9EB9-425253EC2B76}.Release|Any CPU.Build.0 = Release|Any CPU
		{E73AA257-D799-4318-A8AA-216A1635D181}.Debug|Any CPU.ActiveCfg = Debug|Any CPU
		{E73AA257-D799-4318-A8AA-216A1635D181}.Debug|Any CPU.Build.0 = Debug|Any CPU
		{E73AA257-D799-4318-A8AA-216A1635D181}.Release|Any CPU.ActiveCfg = Release|Any CPU
		{E73AA257-D799-4318-A8AA-216A1635D181}.Release|Any CPU.Build.0 = Release|Any CPU
		{8E559EA8-7BFA-4E90-8E5F-CDEA998A4892}.Debug|Any CPU.ActiveCfg = Debug|Any CPU
		{8E559EA8-7BFA-4E90-8E5F-CDEA998A4892}.Debug|Any CPU.Build.0 = Debug|Any CPU
		{8E559EA8-7BFA-4E90-8E5F-CDEA998A4892}.Release|Any CPU.ActiveCfg = Release|Any CPU
		{8E559EA8-7BFA-4E90-8E5F-CDEA998A4892}.Release|Any CPU.Build.0 = Release|Any CPU
		{67696550-1491-4117-B741-DB1CCD736267}.Debug|Any CPU.ActiveCfg = Debug|Any CPU
		{67696550-1491-4117-B741-DB1CCD736267}.Debug|Any CPU.Build.0 = Debug|Any CPU
		{67696550-1491-4117-B741-DB1CCD736267}.Release|Any CPU.ActiveCfg = Release|Any CPU
		{67696550-1491-4117-B741-DB1CCD736267}.Release|Any CPU.Build.0 = Release|Any CPU
		{3F39C927-1062-4B43-987E-2B4BF3C8E6E7}.Debug|Any CPU.ActiveCfg = Debug|Any CPU
		{3F39C927-1062-4B43-987E-2B4BF3C8E6E7}.Debug|Any CPU.Build.0 = Debug|Any CPU
		{3F39C927-1062-4B43-987E-2B4BF3C8E6E7}.Release|Any CPU.ActiveCfg = Release|Any CPU
		{3F39C927-1062-4B43-987E-2B4BF3C8E6E7}.Release|Any CPU.Build.0 = Release|Any CPU
		{B190B0BC-5A36-42E3-970C-4823AF18A06F}.Debug|Any CPU.ActiveCfg = Debug|Any CPU
		{B190B0BC-5A36-42E3-970C-4823AF18A06F}.Debug|Any CPU.Build.0 = Debug|Any CPU
		{B190B0BC-5A36-42E3-970C-4823AF18A06F}.Release|Any CPU.ActiveCfg = Release|Any CPU
		{B190B0BC-5A36-42E3-970C-4823AF18A06F}.Release|Any CPU.Build.0 = Release|Any CPU
		{55BF8EBE-BF98-467A-AB60-53EA18D530B4}.Debug|Any CPU.ActiveCfg = Debug|Any CPU
		{55BF8EBE-BF98-467A-AB60-53EA18D530B4}.Debug|Any CPU.Build.0 = Debug|Any CPU
		{55BF8EBE-BF98-467A-AB60-53EA18D530B4}.Release|Any CPU.ActiveCfg = Release|Any CPU
		{55BF8EBE-BF98-467A-AB60-53EA18D530B4}.Release|Any CPU.Build.0 = Release|Any CPU
		{B7B2023F-D82A-4A0A-A126-6A4509544338}.Debug|Any CPU.ActiveCfg = Debug|Any CPU
		{B7B2023F-D82A-4A0A-A126-6A4509544338}.Debug|Any CPU.Build.0 = Debug|Any CPU
		{B7B2023F-D82A-4A0A-A126-6A4509544338}.Release|Any CPU.ActiveCfg = Release|Any CPU
		{B7B2023F-D82A-4A0A-A126-6A4509544338}.Release|Any CPU.Build.0 = Release|Any CPU
		{366363BA-4591-45AB-B1BA-94946F0E3CEE}.Debug|Any CPU.ActiveCfg = Debug|Any CPU
		{366363BA-4591-45AB-B1BA-94946F0E3CEE}.Debug|Any CPU.Build.0 = Debug|Any CPU
		{366363BA-4591-45AB-B1BA-94946F0E3CEE}.Release|Any CPU.ActiveCfg = Release|Any CPU
		{366363BA-4591-45AB-B1BA-94946F0E3CEE}.Release|Any CPU.Build.0 = Release|Any CPU
		{4EDCBCBD-1672-48CF-8317-2DB8FBA8772C}.Debug|Any CPU.ActiveCfg = Debug|Any CPU
		{4EDCBCBD-1672-48CF-8317-2DB8FBA8772C}.Debug|Any CPU.Build.0 = Debug|Any CPU
		{4EDCBCBD-1672-48CF-8317-2DB8FBA8772C}.Release|Any CPU.ActiveCfg = Release|Any CPU
		{4EDCBCBD-1672-48CF-8317-2DB8FBA8772C}.Release|Any CPU.Build.0 = Release|Any CPU
		{15C2F10B-F831-4166-9C2A-E75DC499C616}.Debug|Any CPU.ActiveCfg = Debug|Any CPU
		{15C2F10B-F831-4166-9C2A-E75DC499C616}.Debug|Any CPU.Build.0 = Debug|Any CPU
		{15C2F10B-F831-4166-9C2A-E75DC499C616}.Release|Any CPU.ActiveCfg = Release|Any CPU
		{15C2F10B-F831-4166-9C2A-E75DC499C616}.Release|Any CPU.Build.0 = Release|Any CPU
		{394EC5CE-4CD7-4E0E-B488-4E9CB654560D}.Debug|Any CPU.ActiveCfg = Debug|Any CPU
		{394EC5CE-4CD7-4E0E-B488-4E9CB654560D}.Debug|Any CPU.Build.0 = Debug|Any CPU
		{394EC5CE-4CD7-4E0E-B488-4E9CB654560D}.Release|Any CPU.ActiveCfg = Release|Any CPU
		{394EC5CE-4CD7-4E0E-B488-4E9CB654560D}.Release|Any CPU.Build.0 = Release|Any CPU
		{C8ADFD82-C4F4-4B59-8EAE-00FDB63ADCC7}.Debug|Any CPU.ActiveCfg = Debug|Any CPU
		{C8ADFD82-C4F4-4B59-8EAE-00FDB63ADCC7}.Debug|Any CPU.Build.0 = Debug|Any CPU
		{C8ADFD82-C4F4-4B59-8EAE-00FDB63ADCC7}.Release|Any CPU.ActiveCfg = Release|Any CPU
		{C8ADFD82-C4F4-4B59-8EAE-00FDB63ADCC7}.Release|Any CPU.Build.0 = Release|Any CPU
		{CC70E279-85C9-44F8-87BC-D01C7EDBB723}.Debug|Any CPU.ActiveCfg = Debug|Any CPU
		{CC70E279-85C9-44F8-87BC-D01C7EDBB723}.Debug|Any CPU.Build.0 = Debug|Any CPU
		{CC70E279-85C9-44F8-87BC-D01C7EDBB723}.Release|Any CPU.ActiveCfg = Release|Any CPU
		{CC70E279-85C9-44F8-87BC-D01C7EDBB723}.Release|Any CPU.Build.0 = Release|Any CPU
		{A7D3C623-8785-4531-A9DF-F494D61898BF}.Debug|Any CPU.ActiveCfg = Debug|Any CPU
		{A7D3C623-8785-4531-A9DF-F494D61898BF}.Debug|Any CPU.Build.0 = Debug|Any CPU
		{A7D3C623-8785-4531-A9DF-F494D61898BF}.Release|Any CPU.ActiveCfg = Release|Any CPU
		{A7D3C623-8785-4531-A9DF-F494D61898BF}.Release|Any CPU.Build.0 = Release|Any CPU
		{B50964D3-1E43-4ACD-9003-700C276C4235}.Debug|Any CPU.ActiveCfg = Debug|Any CPU
		{B50964D3-1E43-4ACD-9003-700C276C4235}.Debug|Any CPU.Build.0 = Debug|Any CPU
		{B50964D3-1E43-4ACD-9003-700C276C4235}.Release|Any CPU.ActiveCfg = Release|Any CPU
		{B50964D3-1E43-4ACD-9003-700C276C4235}.Release|Any CPU.Build.0 = Release|Any CPU
		{510B6BD3-AB97-4224-A290-CEEDC1BB5AF2}.Debug|Any CPU.ActiveCfg = Debug|Any CPU
		{510B6BD3-AB97-4224-A290-CEEDC1BB5AF2}.Debug|Any CPU.Build.0 = Debug|Any CPU
		{510B6BD3-AB97-4224-A290-CEEDC1BB5AF2}.Release|Any CPU.ActiveCfg = Release|Any CPU
		{510B6BD3-AB97-4224-A290-CEEDC1BB5AF2}.Release|Any CPU.Build.0 = Release|Any CPU
		{6AEB9981-0141-4830-BDCD-2A0A50CD99C7}.Debug|Any CPU.ActiveCfg = Debug|Any CPU
		{6AEB9981-0141-4830-BDCD-2A0A50CD99C7}.Debug|Any CPU.Build.0 = Debug|Any CPU
		{6AEB9981-0141-4830-BDCD-2A0A50CD99C7}.Release|Any CPU.ActiveCfg = Release|Any CPU
		{6AEB9981-0141-4830-BDCD-2A0A50CD99C7}.Release|Any CPU.Build.0 = Release|Any CPU
		{7F9187F4-8400-4DB5-A659-440EF29C197D}.Debug|Any CPU.ActiveCfg = Debug|Any CPU
		{7F9187F4-8400-4DB5-A659-440EF29C197D}.Debug|Any CPU.Build.0 = Debug|Any CPU
		{7F9187F4-8400-4DB5-A659-440EF29C197D}.Release|Any CPU.ActiveCfg = Release|Any CPU
		{7F9187F4-8400-4DB5-A659-440EF29C197D}.Release|Any CPU.Build.0 = Release|Any CPU
		{3EA6A13F-B24B-4CCB-A96C-52090708F39F}.Debug|Any CPU.ActiveCfg = Debug|Any CPU
		{3EA6A13F-B24B-4CCB-A96C-52090708F39F}.Debug|Any CPU.Build.0 = Debug|Any CPU
		{3EA6A13F-B24B-4CCB-A96C-52090708F39F}.Release|Any CPU.ActiveCfg = Release|Any CPU
		{3EA6A13F-B24B-4CCB-A96C-52090708F39F}.Release|Any CPU.Build.0 = Release|Any CPU
		{F22A9896-BAE0-4778-BC48-3622752DF403}.Debug|Any CPU.ActiveCfg = Debug|Any CPU
		{F22A9896-BAE0-4778-BC48-3622752DF403}.Debug|Any CPU.Build.0 = Debug|Any CPU
		{F22A9896-BAE0-4778-BC48-3622752DF403}.Release|Any CPU.ActiveCfg = Release|Any CPU
		{F22A9896-BAE0-4778-BC48-3622752DF403}.Release|Any CPU.Build.0 = Release|Any CPU
		{8562C206-3C61-4F9D-9348-2CE37E31E10A}.Debug|Any CPU.ActiveCfg = Debug|Any CPU
		{8562C206-3C61-4F9D-9348-2CE37E31E10A}.Debug|Any CPU.Build.0 = Debug|Any CPU
		{8562C206-3C61-4F9D-9348-2CE37E31E10A}.Release|Any CPU.ActiveCfg = Release|Any CPU
		{8562C206-3C61-4F9D-9348-2CE37E31E10A}.Release|Any CPU.Build.0 = Release|Any CPU
		{829AC8B7-B503-4A4B-A895-BD4E7E4C1094}.Debug|Any CPU.ActiveCfg = Debug|Any CPU
		{829AC8B7-B503-4A4B-A895-BD4E7E4C1094}.Debug|Any CPU.Build.0 = Debug|Any CPU
		{829AC8B7-B503-4A4B-A895-BD4E7E4C1094}.Release|Any CPU.ActiveCfg = Release|Any CPU
		{829AC8B7-B503-4A4B-A895-BD4E7E4C1094}.Release|Any CPU.Build.0 = Release|Any CPU
		{C8A720BF-7F99-4250-89F0-0BAECEFCF9D2}.Debug|Any CPU.ActiveCfg = Debug|Any CPU
		{C8A720BF-7F99-4250-89F0-0BAECEFCF9D2}.Debug|Any CPU.Build.0 = Debug|Any CPU
		{C8A720BF-7F99-4250-89F0-0BAECEFCF9D2}.Release|Any CPU.ActiveCfg = Release|Any CPU
		{C8A720BF-7F99-4250-89F0-0BAECEFCF9D2}.Release|Any CPU.Build.0 = Release|Any CPU
		{0BBE670F-6C66-4B92-B87A-A9DD78456E75}.Debug|Any CPU.ActiveCfg = Debug|Any CPU
		{0BBE670F-6C66-4B92-B87A-A9DD78456E75}.Debug|Any CPU.Build.0 = Debug|Any CPU
		{0BBE670F-6C66-4B92-B87A-A9DD78456E75}.Release|Any CPU.ActiveCfg = Release|Any CPU
		{0BBE670F-6C66-4B92-B87A-A9DD78456E75}.Release|Any CPU.Build.0 = Release|Any CPU
		{2A9CE4E6-7CDD-4039-BEA0-2E4A7B4BA624}.Debug|Any CPU.ActiveCfg = Debug|Any CPU
		{2A9CE4E6-7CDD-4039-BEA0-2E4A7B4BA624}.Debug|Any CPU.Build.0 = Debug|Any CPU
		{2A9CE4E6-7CDD-4039-BEA0-2E4A7B4BA624}.Release|Any CPU.ActiveCfg = Release|Any CPU
		{2A9CE4E6-7CDD-4039-BEA0-2E4A7B4BA624}.Release|Any CPU.Build.0 = Release|Any CPU
		{D2A5AF7E-6ACF-4FB6-A5D0-C72EBD657F32}.Debug|Any CPU.ActiveCfg = Debug|Any CPU
		{D2A5AF7E-6ACF-4FB6-A5D0-C72EBD657F32}.Debug|Any CPU.Build.0 = Debug|Any CPU
		{D2A5AF7E-6ACF-4FB6-A5D0-C72EBD657F32}.Release|Any CPU.ActiveCfg = Release|Any CPU
		{D2A5AF7E-6ACF-4FB6-A5D0-C72EBD657F32}.Release|Any CPU.Build.0 = Release|Any CPU
		{6AD65956-5D86-440C-B6B6-243A6649BC7E}.Debug|Any CPU.ActiveCfg = Debug|Any CPU
		{6AD65956-5D86-440C-B6B6-243A6649BC7E}.Debug|Any CPU.Build.0 = Debug|Any CPU
		{6AD65956-5D86-440C-B6B6-243A6649BC7E}.Release|Any CPU.ActiveCfg = Release|Any CPU
		{6AD65956-5D86-440C-B6B6-243A6649BC7E}.Release|Any CPU.Build.0 = Release|Any CPU
		{396700DF-01D0-446C-93D2-1B1876AE8D70}.Debug|Any CPU.ActiveCfg = Debug|Any CPU
		{396700DF-01D0-446C-93D2-1B1876AE8D70}.Debug|Any CPU.Build.0 = Debug|Any CPU
		{396700DF-01D0-446C-93D2-1B1876AE8D70}.Release|Any CPU.ActiveCfg = Release|Any CPU
		{396700DF-01D0-446C-93D2-1B1876AE8D70}.Release|Any CPU.Build.0 = Release|Any CPU
		{5F68BAA7-9BE8-4EF0-852F-A2B4DBF22A8D}.Debug|Any CPU.ActiveCfg = Debug|Any CPU
		{5F68BAA7-9BE8-4EF0-852F-A2B4DBF22A8D}.Debug|Any CPU.Build.0 = Debug|Any CPU
		{5F68BAA7-9BE8-4EF0-852F-A2B4DBF22A8D}.Release|Any CPU.ActiveCfg = Release|Any CPU
		{5F68BAA7-9BE8-4EF0-852F-A2B4DBF22A8D}.Release|Any CPU.Build.0 = Release|Any CPU
		{B6A73CF1-DAFC-4731-A731-1743EEABEE7C}.Debug|Any CPU.ActiveCfg = Debug|Any CPU
		{B6A73CF1-DAFC-4731-A731-1743EEABEE7C}.Debug|Any CPU.Build.0 = Debug|Any CPU
		{B6A73CF1-DAFC-4731-A731-1743EEABEE7C}.Release|Any CPU.ActiveCfg = Release|Any CPU
		{B6A73CF1-DAFC-4731-A731-1743EEABEE7C}.Release|Any CPU.Build.0 = Release|Any CPU
		{E4CA2489-2211-48AC-A0E5-637AA249199B}.Debug|Any CPU.ActiveCfg = Debug|Any CPU
		{E4CA2489-2211-48AC-A0E5-637AA249199B}.Debug|Any CPU.Build.0 = Debug|Any CPU
		{E4CA2489-2211-48AC-A0E5-637AA249199B}.Release|Any CPU.ActiveCfg = Release|Any CPU
		{E4CA2489-2211-48AC-A0E5-637AA249199B}.Release|Any CPU.Build.0 = Release|Any CPU
		{B0C78548-2CD5-4A10-B64E-1BCA6602B709}.Debug|Any CPU.ActiveCfg = Debug|Any CPU
		{B0C78548-2CD5-4A10-B64E-1BCA6602B709}.Debug|Any CPU.Build.0 = Debug|Any CPU
		{B0C78548-2CD5-4A10-B64E-1BCA6602B709}.Release|Any CPU.ActiveCfg = Release|Any CPU
		{B0C78548-2CD5-4A10-B64E-1BCA6602B709}.Release|Any CPU.Build.0 = Release|Any CPU
		{4C7A8B6A-7143-47C5-919F-5B60D0ABAD4F}.Debug|Any CPU.ActiveCfg = Debug|Any CPU
		{4C7A8B6A-7143-47C5-919F-5B60D0ABAD4F}.Debug|Any CPU.Build.0 = Debug|Any CPU
		{4C7A8B6A-7143-47C5-919F-5B60D0ABAD4F}.Release|Any CPU.ActiveCfg = Release|Any CPU
		{4C7A8B6A-7143-47C5-919F-5B60D0ABAD4F}.Release|Any CPU.Build.0 = Release|Any CPU
		{50459437-EF47-49C7-9AE1-9950B652FD4C}.Debug|Any CPU.ActiveCfg = Debug|Any CPU
		{50459437-EF47-49C7-9AE1-9950B652FD4C}.Debug|Any CPU.Build.0 = Debug|Any CPU
		{50459437-EF47-49C7-9AE1-9950B652FD4C}.Release|Any CPU.ActiveCfg = Release|Any CPU
		{50459437-EF47-49C7-9AE1-9950B652FD4C}.Release|Any CPU.Build.0 = Release|Any CPU
		{29C1120B-ED2A-4080-B41B-B1C45B98D48B}.Debug|Any CPU.ActiveCfg = Debug|Any CPU
		{29C1120B-ED2A-4080-B41B-B1C45B98D48B}.Debug|Any CPU.Build.0 = Debug|Any CPU
		{29C1120B-ED2A-4080-B41B-B1C45B98D48B}.Release|Any CPU.ActiveCfg = Release|Any CPU
		{29C1120B-ED2A-4080-B41B-B1C45B98D48B}.Release|Any CPU.Build.0 = Release|Any CPU
		{E20CDC4B-AEA2-4C2A-AE68-E008B05B483C}.Debug|Any CPU.ActiveCfg = Debug|Any CPU
		{E20CDC4B-AEA2-4C2A-AE68-E008B05B483C}.Debug|Any CPU.Build.0 = Debug|Any CPU
		{E20CDC4B-AEA2-4C2A-AE68-E008B05B483C}.Release|Any CPU.ActiveCfg = Release|Any CPU
		{E20CDC4B-AEA2-4C2A-AE68-E008B05B483C}.Release|Any CPU.Build.0 = Release|Any CPU
		{43FD2E91-5F0E-443C-A1A6-BA8F2567E02E}.Debug|Any CPU.ActiveCfg = Debug|Any CPU
		{43FD2E91-5F0E-443C-A1A6-BA8F2567E02E}.Debug|Any CPU.Build.0 = Debug|Any CPU
		{43FD2E91-5F0E-443C-A1A6-BA8F2567E02E}.Release|Any CPU.ActiveCfg = Release|Any CPU
		{43FD2E91-5F0E-443C-A1A6-BA8F2567E02E}.Release|Any CPU.Build.0 = Release|Any CPU
		{C3AC4BC4-8FFA-4287-B970-5FD900097317}.Debug|Any CPU.ActiveCfg = Debug|Any CPU
		{C3AC4BC4-8FFA-4287-B970-5FD900097317}.Debug|Any CPU.Build.0 = Debug|Any CPU
		{C3AC4BC4-8FFA-4287-B970-5FD900097317}.Release|Any CPU.ActiveCfg = Release|Any CPU
		{C3AC4BC4-8FFA-4287-B970-5FD900097317}.Release|Any CPU.Build.0 = Release|Any CPU
		{BC068713-11CA-45A7-9C33-7150723B8878}.Debug|Any CPU.ActiveCfg = Debug|Any CPU
		{BC068713-11CA-45A7-9C33-7150723B8878}.Debug|Any CPU.Build.0 = Debug|Any CPU
		{BC068713-11CA-45A7-9C33-7150723B8878}.Release|Any CPU.ActiveCfg = Release|Any CPU
		{BC068713-11CA-45A7-9C33-7150723B8878}.Release|Any CPU.Build.0 = Release|Any CPU
		{95E8F3C4-044E-40A6-9F83-67B25F312D6F}.Debug|Any CPU.ActiveCfg = Debug|Any CPU
		{95E8F3C4-044E-40A6-9F83-67B25F312D6F}.Debug|Any CPU.Build.0 = Debug|Any CPU
		{95E8F3C4-044E-40A6-9F83-67B25F312D6F}.Release|Any CPU.ActiveCfg = Release|Any CPU
		{95E8F3C4-044E-40A6-9F83-67B25F312D6F}.Release|Any CPU.Build.0 = Release|Any CPU
		{88FE579A-30EC-4B10-846C-890AE62B33B6}.Debug|Any CPU.ActiveCfg = Debug|Any CPU
		{88FE579A-30EC-4B10-846C-890AE62B33B6}.Debug|Any CPU.Build.0 = Debug|Any CPU
		{88FE579A-30EC-4B10-846C-890AE62B33B6}.Release|Any CPU.ActiveCfg = Release|Any CPU
		{88FE579A-30EC-4B10-846C-890AE62B33B6}.Release|Any CPU.Build.0 = Release|Any CPU
		{0FCAD592-62E8-4A05-A390-38BE80044CAB}.Debug|Any CPU.ActiveCfg = Debug|Any CPU
		{0FCAD592-62E8-4A05-A390-38BE80044CAB}.Debug|Any CPU.Build.0 = Debug|Any CPU
		{0FCAD592-62E8-4A05-A390-38BE80044CAB}.Release|Any CPU.ActiveCfg = Release|Any CPU
		{0FCAD592-62E8-4A05-A390-38BE80044CAB}.Release|Any CPU.Build.0 = Release|Any CPU
		{0C4CE1D8-8371-4692-8258-C2B66825D712}.Debug|Any CPU.ActiveCfg = Debug|Any CPU
		{0C4CE1D8-8371-4692-8258-C2B66825D712}.Debug|Any CPU.Build.0 = Debug|Any CPU
		{0C4CE1D8-8371-4692-8258-C2B66825D712}.Release|Any CPU.ActiveCfg = Release|Any CPU
		{0C4CE1D8-8371-4692-8258-C2B66825D712}.Release|Any CPU.Build.0 = Release|Any CPU
		{BC2C8D0D-E523-428D-9E75-08360CDF31CC}.Debug|Any CPU.ActiveCfg = Debug|Any CPU
		{BC2C8D0D-E523-428D-9E75-08360CDF31CC}.Debug|Any CPU.Build.0 = Debug|Any CPU
		{BC2C8D0D-E523-428D-9E75-08360CDF31CC}.Release|Any CPU.ActiveCfg = Release|Any CPU
		{BC2C8D0D-E523-428D-9E75-08360CDF31CC}.Release|Any CPU.Build.0 = Release|Any CPU
		{0B79751C-4FBB-4CEA-8125-298C028974EA}.Debug|Any CPU.ActiveCfg = Debug|Any CPU
		{0B79751C-4FBB-4CEA-8125-298C028974EA}.Debug|Any CPU.Build.0 = Debug|Any CPU
		{0B79751C-4FBB-4CEA-8125-298C028974EA}.Release|Any CPU.ActiveCfg = Release|Any CPU
		{0B79751C-4FBB-4CEA-8125-298C028974EA}.Release|Any CPU.Build.0 = Release|Any CPU
		{D5D850A3-F502-400B-A44A-39752408A080}.Debug|Any CPU.ActiveCfg = Debug|Any CPU
		{D5D850A3-F502-400B-A44A-39752408A080}.Debug|Any CPU.Build.0 = Debug|Any CPU
		{D5D850A3-F502-400B-A44A-39752408A080}.Release|Any CPU.ActiveCfg = Release|Any CPU
		{D5D850A3-F502-400B-A44A-39752408A080}.Release|Any CPU.Build.0 = Release|Any CPU
		{3DE80B01-0782-4E8E-A485-BD889F375606}.Debug|Any CPU.ActiveCfg = Debug|Any CPU
		{3DE80B01-0782-4E8E-A485-BD889F375606}.Debug|Any CPU.Build.0 = Debug|Any CPU
		{3DE80B01-0782-4E8E-A485-BD889F375606}.Release|Any CPU.ActiveCfg = Release|Any CPU
		{3DE80B01-0782-4E8E-A485-BD889F375606}.Release|Any CPU.Build.0 = Release|Any CPU
		{4356CD65-201E-46E3-8602-A02D63E094A2}.Debug|Any CPU.ActiveCfg = Debug|Any CPU
		{4356CD65-201E-46E3-8602-A02D63E094A2}.Debug|Any CPU.Build.0 = Debug|Any CPU
		{4356CD65-201E-46E3-8602-A02D63E094A2}.Release|Any CPU.ActiveCfg = Release|Any CPU
		{4356CD65-201E-46E3-8602-A02D63E094A2}.Release|Any CPU.Build.0 = Release|Any CPU
		{8AB0A3E1-443C-47AD-824F-7F39F4C35565}.Debug|Any CPU.ActiveCfg = Debug|Any CPU
		{8AB0A3E1-443C-47AD-824F-7F39F4C35565}.Debug|Any CPU.Build.0 = Debug|Any CPU
		{8AB0A3E1-443C-47AD-824F-7F39F4C35565}.Release|Any CPU.ActiveCfg = Release|Any CPU
		{8AB0A3E1-443C-47AD-824F-7F39F4C35565}.Release|Any CPU.Build.0 = Release|Any CPU
		{CE403420-B497-4F9D-9EC1-9E057E401077}.Debug|Any CPU.ActiveCfg = Debug|Any CPU
		{CE403420-B497-4F9D-9EC1-9E057E401077}.Debug|Any CPU.Build.0 = Debug|Any CPU
		{CE403420-B497-4F9D-9EC1-9E057E401077}.Release|Any CPU.ActiveCfg = Release|Any CPU
		{CE403420-B497-4F9D-9EC1-9E057E401077}.Release|Any CPU.Build.0 = Release|Any CPU
		{EF625EE0-0B81-4C02-BC99-80D830E7C70D}.Debug|Any CPU.ActiveCfg = Debug|Any CPU
		{EF625EE0-0B81-4C02-BC99-80D830E7C70D}.Debug|Any CPU.Build.0 = Debug|Any CPU
		{EF625EE0-0B81-4C02-BC99-80D830E7C70D}.Release|Any CPU.ActiveCfg = Release|Any CPU
		{EF625EE0-0B81-4C02-BC99-80D830E7C70D}.Release|Any CPU.Build.0 = Release|Any CPU
		{1AF792AE-73D0-4EB6-89BA-520ECB54C2F7}.Debug|Any CPU.ActiveCfg = Debug|Any CPU
		{1AF792AE-73D0-4EB6-89BA-520ECB54C2F7}.Debug|Any CPU.Build.0 = Debug|Any CPU
		{1AF792AE-73D0-4EB6-89BA-520ECB54C2F7}.Release|Any CPU.ActiveCfg = Release|Any CPU
		{1AF792AE-73D0-4EB6-89BA-520ECB54C2F7}.Release|Any CPU.Build.0 = Release|Any CPU
		{733BDEE9-C144-44F7-84B7-09DB8768F6F7}.Debug|Any CPU.ActiveCfg = Debug|Any CPU
		{733BDEE9-C144-44F7-84B7-09DB8768F6F7}.Debug|Any CPU.Build.0 = Debug|Any CPU
		{733BDEE9-C144-44F7-84B7-09DB8768F6F7}.Release|Any CPU.ActiveCfg = Release|Any CPU
		{733BDEE9-C144-44F7-84B7-09DB8768F6F7}.Release|Any CPU.Build.0 = Release|Any CPU
		{8C3810C5-5161-4EE0-92B5-1C1BBB22EC73}.Debug|Any CPU.ActiveCfg = Debug|Any CPU
		{8C3810C5-5161-4EE0-92B5-1C1BBB22EC73}.Debug|Any CPU.Build.0 = Debug|Any CPU
		{8C3810C5-5161-4EE0-92B5-1C1BBB22EC73}.Release|Any CPU.ActiveCfg = Release|Any CPU
		{8C3810C5-5161-4EE0-92B5-1C1BBB22EC73}.Release|Any CPU.Build.0 = Release|Any CPU
		{D55710FF-FD38-418F-90C3-A50F991A1613}.Debug|Any CPU.ActiveCfg = Debug|Any CPU
		{D55710FF-FD38-418F-90C3-A50F991A1613}.Debug|Any CPU.Build.0 = Debug|Any CPU
		{D55710FF-FD38-418F-90C3-A50F991A1613}.Release|Any CPU.ActiveCfg = Release|Any CPU
		{D55710FF-FD38-418F-90C3-A50F991A1613}.Release|Any CPU.Build.0 = Release|Any CPU
		{45483DBB-983A-4A7B-955F-4014C4D05594}.Debug|Any CPU.ActiveCfg = Debug|Any CPU
		{45483DBB-983A-4A7B-955F-4014C4D05594}.Debug|Any CPU.Build.0 = Debug|Any CPU
		{45483DBB-983A-4A7B-955F-4014C4D05594}.Release|Any CPU.ActiveCfg = Release|Any CPU
		{45483DBB-983A-4A7B-955F-4014C4D05594}.Release|Any CPU.Build.0 = Release|Any CPU
		{5DECC17C-7038-4516-B6D2-97FCF23345E1}.Debug|Any CPU.ActiveCfg = Debug|Any CPU
		{5DECC17C-7038-4516-B6D2-97FCF23345E1}.Debug|Any CPU.Build.0 = Debug|Any CPU
		{5DECC17C-7038-4516-B6D2-97FCF23345E1}.Release|Any CPU.ActiveCfg = Release|Any CPU
		{5DECC17C-7038-4516-B6D2-97FCF23345E1}.Release|Any CPU.Build.0 = Release|Any CPU
		{564DA214-1918-409D-8F35-597C39D8BAC4}.Debug|Any CPU.ActiveCfg = Debug|Any CPU
		{564DA214-1918-409D-8F35-597C39D8BAC4}.Debug|Any CPU.Build.0 = Debug|Any CPU
		{564DA214-1918-409D-8F35-597C39D8BAC4}.Release|Any CPU.ActiveCfg = Release|Any CPU
		{564DA214-1918-409D-8F35-597C39D8BAC4}.Release|Any CPU.Build.0 = Release|Any CPU
		{4575B8BE-F21C-4996-A141-7501351725D3}.Debug|Any CPU.ActiveCfg = Debug|Any CPU
		{4575B8BE-F21C-4996-A141-7501351725D3}.Debug|Any CPU.Build.0 = Debug|Any CPU
		{4575B8BE-F21C-4996-A141-7501351725D3}.Release|Any CPU.ActiveCfg = Release|Any CPU
		{4575B8BE-F21C-4996-A141-7501351725D3}.Release|Any CPU.Build.0 = Release|Any CPU
		{99303960-7288-4616-9B47-95B7EEEF2905}.Debug|Any CPU.ActiveCfg = Debug|Any CPU
		{99303960-7288-4616-9B47-95B7EEEF2905}.Debug|Any CPU.Build.0 = Debug|Any CPU
		{99303960-7288-4616-9B47-95B7EEEF2905}.Release|Any CPU.ActiveCfg = Release|Any CPU
		{99303960-7288-4616-9B47-95B7EEEF2905}.Release|Any CPU.Build.0 = Release|Any CPU
		{FA1481E7-AA5C-4D72-9D03-ED17F5D772A1}.Debug|Any CPU.ActiveCfg = Debug|Any CPU
		{FA1481E7-AA5C-4D72-9D03-ED17F5D772A1}.Debug|Any CPU.Build.0 = Debug|Any CPU
		{FA1481E7-AA5C-4D72-9D03-ED17F5D772A1}.Release|Any CPU.ActiveCfg = Release|Any CPU
		{FA1481E7-AA5C-4D72-9D03-ED17F5D772A1}.Release|Any CPU.Build.0 = Release|Any CPU
		{A8D536F4-DFC9-452B-8F77-32D93ED7FB6D}.Debug|Any CPU.ActiveCfg = Debug|Any CPU
		{A8D536F4-DFC9-452B-8F77-32D93ED7FB6D}.Debug|Any CPU.Build.0 = Debug|Any CPU
		{A8D536F4-DFC9-452B-8F77-32D93ED7FB6D}.Release|Any CPU.ActiveCfg = Release|Any CPU
		{A8D536F4-DFC9-452B-8F77-32D93ED7FB6D}.Release|Any CPU.Build.0 = Release|Any CPU
		{0C0A6DC3-0520-4E35-9849-C6376EF581C1}.Debug|Any CPU.ActiveCfg = Debug|Any CPU
		{0C0A6DC3-0520-4E35-9849-C6376EF581C1}.Debug|Any CPU.Build.0 = Debug|Any CPU
		{0C0A6DC3-0520-4E35-9849-C6376EF581C1}.Release|Any CPU.ActiveCfg = Release|Any CPU
		{0C0A6DC3-0520-4E35-9849-C6376EF581C1}.Release|Any CPU.Build.0 = Release|Any CPU
		{8F3E4AC0-34C5-4174-9C95-9C1E58A11C16}.Debug|Any CPU.ActiveCfg = Debug|Any CPU
		{8F3E4AC0-34C5-4174-9C95-9C1E58A11C16}.Debug|Any CPU.Build.0 = Debug|Any CPU
		{8F3E4AC0-34C5-4174-9C95-9C1E58A11C16}.Release|Any CPU.ActiveCfg = Release|Any CPU
		{8F3E4AC0-34C5-4174-9C95-9C1E58A11C16}.Release|Any CPU.Build.0 = Release|Any CPU
		{5111DBEA-10F3-49DC-A449-7EA63A05979C}.Debug|Any CPU.ActiveCfg = Debug|Any CPU
		{5111DBEA-10F3-49DC-A449-7EA63A05979C}.Debug|Any CPU.Build.0 = Debug|Any CPU
		{5111DBEA-10F3-49DC-A449-7EA63A05979C}.Release|Any CPU.ActiveCfg = Release|Any CPU
		{5111DBEA-10F3-49DC-A449-7EA63A05979C}.Release|Any CPU.Build.0 = Release|Any CPU
		{17CEC060-6AD9-43D8-B88D-89618E4B543D}.Debug|Any CPU.ActiveCfg = Debug|Any CPU
		{17CEC060-6AD9-43D8-B88D-89618E4B543D}.Debug|Any CPU.Build.0 = Debug|Any CPU
		{17CEC060-6AD9-43D8-B88D-89618E4B543D}.Release|Any CPU.ActiveCfg = Release|Any CPU
		{17CEC060-6AD9-43D8-B88D-89618E4B543D}.Release|Any CPU.Build.0 = Release|Any CPU
		{55E9A950-0708-4A78-A1E9-C4EDC85053C8}.Debug|Any CPU.ActiveCfg = Debug|Any CPU
		{55E9A950-0708-4A78-A1E9-C4EDC85053C8}.Debug|Any CPU.Build.0 = Debug|Any CPU
		{55E9A950-0708-4A78-A1E9-C4EDC85053C8}.Release|Any CPU.ActiveCfg = Release|Any CPU
		{55E9A950-0708-4A78-A1E9-C4EDC85053C8}.Release|Any CPU.Build.0 = Release|Any CPU
		{EAEC2EFB-1BD3-4667-BF9F-DE4D3B6E9C7C}.Debug|Any CPU.ActiveCfg = Debug|Any CPU
		{EAEC2EFB-1BD3-4667-BF9F-DE4D3B6E9C7C}.Debug|Any CPU.Build.0 = Debug|Any CPU
		{EAEC2EFB-1BD3-4667-BF9F-DE4D3B6E9C7C}.Release|Any CPU.ActiveCfg = Release|Any CPU
		{EAEC2EFB-1BD3-4667-BF9F-DE4D3B6E9C7C}.Release|Any CPU.Build.0 = Release|Any CPU
		{CF8751F4-06FF-4BF1-9501-D6446E506A9F}.Debug|Any CPU.ActiveCfg = Debug|Any CPU
		{CF8751F4-06FF-4BF1-9501-D6446E506A9F}.Debug|Any CPU.Build.0 = Debug|Any CPU
		{CF8751F4-06FF-4BF1-9501-D6446E506A9F}.Release|Any CPU.ActiveCfg = Release|Any CPU
		{CF8751F4-06FF-4BF1-9501-D6446E506A9F}.Release|Any CPU.Build.0 = Release|Any CPU
		{D2D4C783-998F-4BDF-9876-4FD94EE84DBA}.Debug|Any CPU.ActiveCfg = Debug|Any CPU
		{D2D4C783-998F-4BDF-9876-4FD94EE84DBA}.Debug|Any CPU.Build.0 = Debug|Any CPU
		{D2D4C783-998F-4BDF-9876-4FD94EE84DBA}.Release|Any CPU.ActiveCfg = Release|Any CPU
		{D2D4C783-998F-4BDF-9876-4FD94EE84DBA}.Release|Any CPU.Build.0 = Release|Any CPU
		{D4CB7626-8763-4A33-821A-CEE0EA2BBC58}.Debug|Any CPU.ActiveCfg = Debug|Any CPU
		{D4CB7626-8763-4A33-821A-CEE0EA2BBC58}.Debug|Any CPU.Build.0 = Debug|Any CPU
		{D4CB7626-8763-4A33-821A-CEE0EA2BBC58}.Release|Any CPU.ActiveCfg = Release|Any CPU
		{D4CB7626-8763-4A33-821A-CEE0EA2BBC58}.Release|Any CPU.Build.0 = Release|Any CPU
		{3B17BEF3-643A-4B1A-B0E6-BE0D3E67A1FE}.Debug|Any CPU.ActiveCfg = Debug|Any CPU
		{3B17BEF3-643A-4B1A-B0E6-BE0D3E67A1FE}.Debug|Any CPU.Build.0 = Debug|Any CPU
		{3B17BEF3-643A-4B1A-B0E6-BE0D3E67A1FE}.Release|Any CPU.ActiveCfg = Release|Any CPU
		{3B17BEF3-643A-4B1A-B0E6-BE0D3E67A1FE}.Release|Any CPU.Build.0 = Release|Any CPU
		{CE2A2062-09AF-4458-B15D-718941F72D32}.Debug|Any CPU.ActiveCfg = Debug|Any CPU
		{CE2A2062-09AF-4458-B15D-718941F72D32}.Debug|Any CPU.Build.0 = Debug|Any CPU
		{CE2A2062-09AF-4458-B15D-718941F72D32}.Release|Any CPU.ActiveCfg = Release|Any CPU
		{CE2A2062-09AF-4458-B15D-718941F72D32}.Release|Any CPU.Build.0 = Release|Any CPU
	EndGlobalSection
	GlobalSection(SolutionProperties) = preSolution
		HideSolutionNode = FALSE
	EndGlobalSection
	GlobalSection(NestedProjects) = preSolution
		{CE2A2062-09AF-4458-B15D-718941F72D32} = {79251B2C-0B74-4D64-9530-378E520C420E}
	EndGlobalSection
	GlobalSection(ExtensibilityGlobals) = postSolution
		SolutionGuid = {17C06FAB-DAF4-454C-B253-C041C3650662}
	EndGlobalSection
EndGlobal
